
Microsoft Visual Studio Solution File, Format Version 12.00
# Visual Studio Version 16
VisualStudioVersion = 25.0.1706.7
MinimumVisualStudioVersion = 10.0.40219.1
Project("{FAE04EC0-301F-11D3-BF4B-00C04F79EFBC}") = "Example", "Example\Example.csproj", "{04009098-4C75-435C-9432-17CF639EB696}"
EndProject
Project("{FAE04EC0-301F-11D3-BF4B-00C04F79EFBC}") = "CrynticCompiler", "CrynticCompiler\CrynticCompiler.csproj", "{123F8ADE-1333-446F-B9E9-9CF1C216B368}"
EndProject
Project("{FAE04EC0-301F-11D3-BF4B-00C04F79EFBC}") = "CrynticCompiler.Tags", "CrynticCompiler.Tags\CrynticCompiler.Tags.csproj", "{FBD8053D-B883-414B-B7E0-7421CB7F8C0F}"
EndProject
Project("{FAE04EC0-301F-11D3-BF4B-00C04F79EFBC}") = "CrynticCompiler.Json", "CrynticCompiler.Json\CrynticCompiler.Json.csproj", "{84721C16-04C8-422B-82B1-DC44F3D94C05}"
EndProject
Global
	GlobalSection(SolutionConfigurationPlatforms) = preSolution
		Debug|Any CPU = Debug|Any CPU
		Release|Any CPU = Release|Any CPU
	EndGlobalSection
	GlobalSection(ProjectConfigurationPlatforms) = postSolution
		{123F8ADE-1333-446F-B9E9-9CF1C216B368}.Debug|Any CPU.ActiveCfg = Debug|Any CPU
		{123F8ADE-1333-446F-B9E9-9CF1C216B368}.Debug|Any CPU.Build.0 = Debug|Any CPU
		{123F8ADE-1333-446F-B9E9-9CF1C216B368}.Release|Any CPU.ActiveCfg = Release|Any CPU
		{123F8ADE-1333-446F-B9E9-9CF1C216B368}.Release|Any CPU.Build.0 = Release|Any CPU
		{916319A3-435F-467A-A64D-A26FA5BE69FA}.Debug|Any CPU.ActiveCfg = Debug|Any CPU
		{916319A3-435F-467A-A64D-A26FA5BE69FA}.Debug|Any CPU.Build.0 = Debug|Any CPU
		{916319A3-435F-467A-A64D-A26FA5BE69FA}.Release|Any CPU.ActiveCfg = Release|Any CPU
		{916319A3-435F-467A-A64D-A26FA5BE69FA}.Release|Any CPU.Build.0 = Release|Any CPU
		{75980647-31B9-4798-8CFA-FE7A4FF5C3CA}.Debug|Any CPU.ActiveCfg = Debug|Any CPU
		{75980647-31B9-4798-8CFA-FE7A4FF5C3CA}.Debug|Any CPU.Build.0 = Debug|Any CPU
		{75980647-31B9-4798-8CFA-FE7A4FF5C3CA}.Release|Any CPU.ActiveCfg = Release|Any CPU
		{75980647-31B9-4798-8CFA-FE7A4FF5C3CA}.Release|Any CPU.Build.0 = Release|Any CPU
		{FBD8053D-B883-414B-B7E0-7421CB7F8C0F}.Debug|Any CPU.ActiveCfg = Debug|Any CPU
		{FBD8053D-B883-414B-B7E0-7421CB7F8C0F}.Debug|Any CPU.Build.0 = Debug|Any CPU
		{FBD8053D-B883-414B-B7E0-7421CB7F8C0F}.Release|Any CPU.ActiveCfg = Release|Any CPU
		{FBD8053D-B883-414B-B7E0-7421CB7F8C0F}.Release|Any CPU.Build.0 = Release|Any CPU
		{AD32A375-2CC5-4C4A-928A-EE48FE30E40F}.Debug|Any CPU.ActiveCfg = Debug|Any CPU
		{AD32A375-2CC5-4C4A-928A-EE48FE30E40F}.Debug|Any CPU.Build.0 = Debug|Any CPU
		{AD32A375-2CC5-4C4A-928A-EE48FE30E40F}.Release|Any CPU.ActiveCfg = Release|Any CPU
		{AD32A375-2CC5-4C4A-928A-EE48FE30E40F}.Release|Any CPU.Build.0 = Release|Any CPU
		{84721C16-04C8-422B-82B1-DC44F3D94C05}.Debug|Any CPU.ActiveCfg = Debug|Any CPU
		{84721C16-04C8-422B-82B1-DC44F3D94C05}.Debug|Any CPU.Build.0 = Debug|Any CPU
		{84721C16-04C8-422B-82B1-DC44F3D94C05}.Release|Any CPU.ActiveCfg = Release|Any CPU
		{84721C16-04C8-422B-82B1-DC44F3D94C05}.Release|Any CPU.Build.0 = Release|Any CPU
		{04009098-4C75-435C-9432-17CF639EB696}.Debug|Any CPU.ActiveCfg = Debug|Any CPU
		{04009098-4C75-435C-9432-17CF639EB696}.Debug|Any CPU.Build.0 = Debug|Any CPU
		{04009098-4C75-435C-9432-17CF639EB696}.Release|Any CPU.ActiveCfg = Release|Any CPU
		{04009098-4C75-435C-9432-17CF639EB696}.Release|Any CPU.Build.0 = Release|Any CPU
	EndGlobalSection
	GlobalSection(SolutionProperties) = preSolution
		HideSolutionNode = FALSE
	EndGlobalSection
	GlobalSection(ExtensibilityGlobals) = postSolution
		SolutionGuid = {C87977F4-20FD-49E9-8A74-8E3E8099BAC2}
	EndGlobalSection
EndGlobal
